
Microsoft Visual Studio Solution File, Format Version 12.00
# Visual Studio 15
VisualStudioVersion = 15.0.28010.2041
MinimumVisualStudioVersion = 10.0.40219.1
Project("{FAE04EC0-301F-11D3-BF4B-00C04F79EFBC}") = "TestReflection", "TestReflection\TestReflection.csproj", "{1E90E442-EA76-45CF-9CE7-1F4796D5ED79}"
EndProject
Global
	GlobalSection(SolutionConfigurationPlatforms) = preSolution
		Debug|Any CPU = Debug|Any CPU
		Release|Any CPU = Release|Any CPU
	EndGlobalSection
	GlobalSection(ProjectConfigurationPlatforms) = postSolution
		{1E90E442-EA76-45CF-9CE7-1F4796D5ED79}.Debug|Any CPU.ActiveCfg = Debug|Any CPU
		{1E90E442-EA76-45CF-9CE7-1F4796D5ED79}.Debug|Any CPU.Build.0 = Debug|Any CPU
		{1E90E442-EA76-45CF-9CE7-1F4796D5ED79}.Release|Any CPU.ActiveCfg = Release|Any CPU
		{1E90E442-EA76-45CF-9CE7-1F4796D5ED79}.Release|Any CPU.Build.0 = Release|Any CPU
	EndGlobalSection
	GlobalSection(SolutionProperties) = preSolution
		HideSolutionNode = FALSE
	EndGlobalSection
	GlobalSection(ExtensibilityGlobals) = postSolution
		SolutionGuid = {B2099478-98E0-413F-A187-BE93B87719B5}
	EndGlobalSection
EndGlobal
